
Microsoft Visual Studio Solution File, Format Version 12.00
# Visual Studio Version 17
VisualStudioVersion = 17.3.32922.545
MinimumVisualStudioVersion = 10.0.40219.1
Project("{2150E333-8FDC-42A3-9474-1A3956D46DE8}") = "Solution Items", "Solution Items", "{8E04719C-37E3-4D4F-A12B-2CAD7A8B1B4B}"
	ProjectSection(SolutionItems) = preProject
		ServiceUrls.txt = ServiceUrls.txt
	EndProjectSection
EndProject
Project("{2150E333-8FDC-42A3-9474-1A3956D46DE8}") = "src", "src", "{378E088C-9917-4EA9-B87F-940631AD73AD}"
EndProject
Project("{2150E333-8FDC-42A3-9474-1A3956D46DE8}") = "ApiGateways", "ApiGateways", "{7111C56E-6A33-420E-9C24-DCEA66DA109F}"
EndProject
Project("{2150E333-8FDC-42A3-9474-1A3956D46DE8}") = "BuildingBlocks", "BuildingBlocks", "{F85EF7D3-7AD0-4F51-8F55-A0B8BA8B459C}"
EndProject
Project("{2150E333-8FDC-42A3-9474-1A3956D46DE8}") = "Services", "Services", "{2BD47C96-4E55-4850-89D2-DB22F6146B1E}"
EndProject
Project("{2150E333-8FDC-42A3-9474-1A3956D46DE8}") = "Clients", "Clients", "{3D0A7451-FA94-4867-B85A-6D885DD67AAE}"
EndProject
Project("{2150E333-8FDC-42A3-9474-1A3956D46DE8}") = "WebApiGateway", "WebApiGateway", "{6AF5685F-9C59-497B-905B-54AD8AC60DB8}"
EndProject
Project("{9A19103F-16F7-4668-BE54-9A1E7A4F7556}") = "Web.ApiGateway", "src\ApiGateways\WebApiGateway\Web.ApiGateway\Web.ApiGateway.csproj", "{DDEF3240-0BF1-4983-951E-2033444C5F9B}"
EndProject
Project("{2150E333-8FDC-42A3-9474-1A3956D46DE8}") = "EventBus", "EventBus", "{ECC00844-DF8C-4DA5-96D2-6DAF17180A49}"
EndProject
Project("{9A19103F-16F7-4668-BE54-9A1E7A4F7556}") = "EventBus.Base", "src\BuildingBlocks\EventBus\EventBus.Base\EventBus.Base.csproj", "{17D18BB1-AA46-4FBF-9CE9-1F0112BB77F3}"
EndProject
Project("{9A19103F-16F7-4668-BE54-9A1E7A4F7556}") = "EventBus.Factory", "src\BuildingBlocks\EventBus\EventBus.Factory\EventBus.Factory.csproj", "{066590DC-B95F-471E-95E4-53B659C9DAAF}"
EndProject
Project("{9A19103F-16F7-4668-BE54-9A1E7A4F7556}") = "EventBus.AzureServiceBus", "src\BuildingBlocks\EventBus\EventBus.AzureServiceBus\EventBus.AzureServiceBus.csproj", "{FBCB203E-AEDF-4B12-9BB1-69FF0735F6D8}"
EndProject
Project("{9A19103F-16F7-4668-BE54-9A1E7A4F7556}") = "EventBus.RabbitMQ", "src\BuildingBlocks\EventBus\EventBus.RabbitMQ\EventBus.RabbitMQ.csproj", "{BFAB640E-AA72-4938-A866-AF1B05249D21}"
EndProject
Project("{2150E333-8FDC-42A3-9474-1A3956D46DE8}") = "BlazorWebApp", "BlazorWebApp", "{A15CFDD3-375D-43B6-897F-8853D5BEC9C1}"
EndProject
Project("{9A19103F-16F7-4668-BE54-9A1E7A4F7556}") = "WebApp", "src\Clients\BlazorWebApp\WebApp\WebApp.csproj", "{255B18F7-3853-41EF-B073-07285B10088F}"
EndProject
Project("{2150E333-8FDC-42A3-9474-1A3956D46DE8}") = "BasketService", "BasketService", "{1E068F64-1396-4C60-98BC-B3E255590C91}"
EndProject
Project("{9A19103F-16F7-4668-BE54-9A1E7A4F7556}") = "BasketService.Api", "src\Services\BasketService\BasketService.Api\BasketService.Api.csproj", "{5F132E78-DC40-45CE-9F63-D4573BC4B618}"
EndProject
Project("{2150E333-8FDC-42A3-9474-1A3956D46DE8}") = "CatalogService", "CatalogService", "{0C4D7CBC-D3B5-482E-97D9-987787AC6729}"
EndProject
Project("{9A19103F-16F7-4668-BE54-9A1E7A4F7556}") = "CatalogService.Api", "src\Services\CatalogService\CatalogService.Api\CatalogService.Api.csproj", "{61D269F4-8FF4-4FAB-B85A-CBAE8604D739}"
EndProject
Project("{2150E333-8FDC-42A3-9474-1A3956D46DE8}") = "IdentityService", "IdentityService", "{55D6E5A3-BF48-43E5-A7F4-4EB18FB2CB23}"
EndProject
Project("{9A19103F-16F7-4668-BE54-9A1E7A4F7556}") = "IdentityService.Api", "src\Services\IdentityService\IdentityService.Api\IdentityService.Api.csproj", "{19374D72-EB44-410B-9E99-3EA2757579C8}"
EndProject
Project("{2150E333-8FDC-42A3-9474-1A3956D46DE8}") = "NotificationService", "NotificationService", "{436D58E0-C82F-451D-B21A-CC3B6258EC88}"
EndProject
Project("{9A19103F-16F7-4668-BE54-9A1E7A4F7556}") = "NotificationService", "src\Services\NotificationService\NotificationService\NotificationService.csproj", "{1EFFB0BA-62BD-40D5-B6FE-AAA47D077A4E}"
EndProject
Project("{2150E333-8FDC-42A3-9474-1A3956D46DE8}") = "OrderService", "OrderService", "{E48C81EB-85F3-4D88-9D8C-027E54A3C744}"
EndProject
Project("{9A19103F-16F7-4668-BE54-9A1E7A4F7556}") = "OrderService.Domain", "src\Services\OrderService\OrderService.Domain\OrderService.Domain.csproj", "{208F2835-DFFE-4911-AEC7-9CF834096306}"
EndProject
Project("{9A19103F-16F7-4668-BE54-9A1E7A4F7556}") = "OrderService.Application", "src\Services\OrderService\OrderService.Application\OrderService.Application.csproj", "{52C0AD5C-7B9E-4044-9ECB-96F9CC638C18}"
EndProject
Project("{9A19103F-16F7-4668-BE54-9A1E7A4F7556}") = "OrderService.Infrastructure", "src\Services\OrderService\OrderService.Infrastructure\OrderService.Infrastructure.csproj", "{2E1EF7AB-0080-4353-BBC6-7F4410FEC03A}"
EndProject
Project("{9A19103F-16F7-4668-BE54-9A1E7A4F7556}") = "OrderService.Api", "src\Services\OrderService\OrderService.Api\OrderService.Api.csproj", "{A3E5FFD4-1CD6-47D7-AAE8-97056513FFFB}"
EndProject
Project("{2150E333-8FDC-42A3-9474-1A3956D46DE8}") = "PaymentService", "PaymentService", "{1A7254EE-D0DE-4ED6-BFBD-FD94672C2585}"
EndProject
Project("{9A19103F-16F7-4668-BE54-9A1E7A4F7556}") = "PaymentService.Api", "src\Services\PaymentService\PaymentService.Api\PaymentService.Api.csproj", "{BF2DE2F3-EE2A-43A7-B9DC-5AA4793C3793}"
EndProject
Project("{2150E333-8FDC-42A3-9474-1A3956D46DE8}") = "tests", "tests", "{15EF12EF-F58E-48F0-9569-467BF63DC61F}"
EndProject
Project("{2150E333-8FDC-42A3-9474-1A3956D46DE8}") = "BuildingBlocks", "BuildingBlocks", "{26DB04D3-2481-4BA3-B25F-541173249BDF}"
EndProject
Project("{FAE04EC0-301F-11D3-BF4B-00C04F79EFBC}") = "EventBus.UnitTest", "tests\BuildingBlocks\EventBus.UnitTest\EventBus.UnitTest.csproj", "{5DE071ED-1704-430A-A56E-F7D1BB1529BA}"
EndProject
Global
	GlobalSection(SolutionConfigurationPlatforms) = preSolution
		Debug|Any CPU = Debug|Any CPU
		Release|Any CPU = Release|Any CPU
	EndGlobalSection
	GlobalSection(ProjectConfigurationPlatforms) = postSolution
		{DDEF3240-0BF1-4983-951E-2033444C5F9B}.Debug|Any CPU.ActiveCfg = Debug|Any CPU
		{DDEF3240-0BF1-4983-951E-2033444C5F9B}.Debug|Any CPU.Build.0 = Debug|Any CPU
		{DDEF3240-0BF1-4983-951E-2033444C5F9B}.Release|Any CPU.ActiveCfg = Release|Any CPU
		{DDEF3240-0BF1-4983-951E-2033444C5F9B}.Release|Any CPU.Build.0 = Release|Any CPU
		{17D18BB1-AA46-4FBF-9CE9-1F0112BB77F3}.Debug|Any CPU.ActiveCfg = Debug|Any CPU
		{17D18BB1-AA46-4FBF-9CE9-1F0112BB77F3}.Debug|Any CPU.Build.0 = Debug|Any CPU
		{17D18BB1-AA46-4FBF-9CE9-1F0112BB77F3}.Release|Any CPU.ActiveCfg = Release|Any CPU
		{17D18BB1-AA46-4FBF-9CE9-1F0112BB77F3}.Release|Any CPU.Build.0 = Release|Any CPU
		{066590DC-B95F-471E-95E4-53B659C9DAAF}.Debug|Any CPU.ActiveCfg = Debug|Any CPU
		{066590DC-B95F-471E-95E4-53B659C9DAAF}.Debug|Any CPU.Build.0 = Debug|Any CPU
		{066590DC-B95F-471E-95E4-53B659C9DAAF}.Release|Any CPU.ActiveCfg = Release|Any CPU
		{066590DC-B95F-471E-95E4-53B659C9DAAF}.Release|Any CPU.Build.0 = Release|Any CPU
		{FBCB203E-AEDF-4B12-9BB1-69FF0735F6D8}.Debug|Any CPU.ActiveCfg = Debug|Any CPU
		{FBCB203E-AEDF-4B12-9BB1-69FF0735F6D8}.Debug|Any CPU.Build.0 = Debug|Any CPU
		{FBCB203E-AEDF-4B12-9BB1-69FF0735F6D8}.Release|Any CPU.ActiveCfg = Release|Any CPU
		{FBCB203E-AEDF-4B12-9BB1-69FF0735F6D8}.Release|Any CPU.Build.0 = Release|Any CPU
		{BFAB640E-AA72-4938-A866-AF1B05249D21}.Debug|Any CPU.ActiveCfg = Debug|Any CPU
		{BFAB640E-AA72-4938-A866-AF1B05249D21}.Debug|Any CPU.Build.0 = Debug|Any CPU
		{BFAB640E-AA72-4938-A866-AF1B05249D21}.Release|Any CPU.ActiveCfg = Release|Any CPU
		{BFAB640E-AA72-4938-A866-AF1B05249D21}.Release|Any CPU.Build.0 = Release|Any CPU
		{255B18F7-3853-41EF-B073-07285B10088F}.Debug|Any CPU.ActiveCfg = Debug|Any CPU
		{255B18F7-3853-41EF-B073-07285B10088F}.Debug|Any CPU.Build.0 = Debug|Any CPU
		{255B18F7-3853-41EF-B073-07285B10088F}.Release|Any CPU.ActiveCfg = Release|Any CPU
		{255B18F7-3853-41EF-B073-07285B10088F}.Release|Any CPU.Build.0 = Release|Any CPU
		{5F132E78-DC40-45CE-9F63-D4573BC4B618}.Debug|Any CPU.ActiveCfg = Debug|Any CPU
		{5F132E78-DC40-45CE-9F63-D4573BC4B618}.Debug|Any CPU.Build.0 = Debug|Any CPU
		{5F132E78-DC40-45CE-9F63-D4573BC4B618}.Release|Any CPU.ActiveCfg = Release|Any CPU
		{5F132E78-DC40-45CE-9F63-D4573BC4B618}.Release|Any CPU.Build.0 = Release|Any CPU
		{61D269F4-8FF4-4FAB-B85A-CBAE8604D739}.Debug|Any CPU.ActiveCfg = Debug|Any CPU
		{61D269F4-8FF4-4FAB-B85A-CBAE8604D739}.Debug|Any CPU.Build.0 = Debug|Any CPU
		{61D269F4-8FF4-4FAB-B85A-CBAE8604D739}.Release|Any CPU.ActiveCfg = Release|Any CPU
		{61D269F4-8FF4-4FAB-B85A-CBAE8604D739}.Release|Any CPU.Build.0 = Release|Any CPU
		{19374D72-EB44-410B-9E99-3EA2757579C8}.Debug|Any CPU.ActiveCfg = Debug|Any CPU
		{19374D72-EB44-410B-9E99-3EA2757579C8}.Debug|Any CPU.Build.0 = Debug|Any CPU
		{19374D72-EB44-410B-9E99-3EA2757579C8}.Release|Any CPU.ActiveCfg = Release|Any CPU
		{19374D72-EB44-410B-9E99-3EA2757579C8}.Release|Any CPU.Build.0 = Release|Any CPU
		{1EFFB0BA-62BD-40D5-B6FE-AAA47D077A4E}.Debug|Any CPU.ActiveCfg = Debug|Any CPU
		{1EFFB0BA-62BD-40D5-B6FE-AAA47D077A4E}.Debug|Any CPU.Build.0 = Debug|Any CPU
		{1EFFB0BA-62BD-40D5-B6FE-AAA47D077A4E}.Release|Any CPU.ActiveCfg = Release|Any CPU
		{1EFFB0BA-62BD-40D5-B6FE-AAA47D077A4E}.Release|Any CPU.Build.0 = Release|Any CPU
		{208F2835-DFFE-4911-AEC7-9CF834096306}.Debug|Any CPU.ActiveCfg = Debug|Any CPU
		{208F2835-DFFE-4911-AEC7-9CF834096306}.Debug|Any CPU.Build.0 = Debug|Any CPU
		{208F2835-DFFE-4911-AEC7-9CF834096306}.Release|Any CPU.ActiveCfg = Release|Any CPU
		{208F2835-DFFE-4911-AEC7-9CF834096306}.Release|Any CPU.Build.0 = Release|Any CPU
		{52C0AD5C-7B9E-4044-9ECB-96F9CC638C18}.Debug|Any CPU.ActiveCfg = Debug|Any CPU
		{52C0AD5C-7B9E-4044-9ECB-96F9CC638C18}.Debug|Any CPU.Build.0 = Debug|Any CPU
		{52C0AD5C-7B9E-4044-9ECB-96F9CC638C18}.Release|Any CPU.ActiveCfg = Release|Any CPU
		{52C0AD5C-7B9E-4044-9ECB-96F9CC638C18}.Release|Any CPU.Build.0 = Release|Any CPU
		{2E1EF7AB-0080-4353-BBC6-7F4410FEC03A}.Debug|Any CPU.ActiveCfg = Debug|Any CPU
		{2E1EF7AB-0080-4353-BBC6-7F4410FEC03A}.Debug|Any CPU.Build.0 = Debug|Any CPU
		{2E1EF7AB-0080-4353-BBC6-7F4410FEC03A}.Release|Any CPU.ActiveCfg = Release|Any CPU
		{2E1EF7AB-0080-4353-BBC6-7F4410FEC03A}.Release|Any CPU.Build.0 = Release|Any CPU
		{A3E5FFD4-1CD6-47D7-AAE8-97056513FFFB}.Debug|Any CPU.ActiveCfg = Debug|Any CPU
		{A3E5FFD4-1CD6-47D7-AAE8-97056513FFFB}.Debug|Any CPU.Build.0 = Debug|Any CPU
		{A3E5FFD4-1CD6-47D7-AAE8-97056513FFFB}.Release|Any CPU.ActiveCfg = Release|Any CPU
		{A3E5FFD4-1CD6-47D7-AAE8-97056513FFFB}.Release|Any CPU.Build.0 = Release|Any CPU
		{BF2DE2F3-EE2A-43A7-B9DC-5AA4793C3793}.Debug|Any CPU.ActiveCfg = Debug|Any CPU
		{BF2DE2F3-EE2A-43A7-B9DC-5AA4793C3793}.Debug|Any CPU.Build.0 = Debug|Any CPU
		{BF2DE2F3-EE2A-43A7-B9DC-5AA4793C3793}.Release|Any CPU.ActiveCfg = Release|Any CPU
		{BF2DE2F3-EE2A-43A7-B9DC-5AA4793C3793}.Release|Any CPU.Build.0 = Release|Any CPU
		{5DE071ED-1704-430A-A56E-F7D1BB1529BA}.Debug|Any CPU.ActiveCfg = Debug|Any CPU
		{5DE071ED-1704-430A-A56E-F7D1BB1529BA}.Debug|Any CPU.Build.0 = Debug|Any CPU
		{5DE071ED-1704-430A-A56E-F7D1BB1529BA}.Release|Any CPU.ActiveCfg = Release|Any CPU
		{5DE071ED-1704-430A-A56E-F7D1BB1529BA}.Release|Any CPU.Build.0 = Release|Any CPU
	EndGlobalSection
	GlobalSection(SolutionProperties) = preSolution
		HideSolutionNode = FALSE
	EndGlobalSection
	GlobalSection(NestedProjects) = preSolution
		{7111C56E-6A33-420E-9C24-DCEA66DA109F} = {378E088C-9917-4EA9-B87F-940631AD73AD}
		{F85EF7D3-7AD0-4F51-8F55-A0B8BA8B459C} = {378E088C-9917-4EA9-B87F-940631AD73AD}
		{2BD47C96-4E55-4850-89D2-DB22F6146B1E} = {378E088C-9917-4EA9-B87F-940631AD73AD}
		{3D0A7451-FA94-4867-B85A-6D885DD67AAE} = {378E088C-9917-4EA9-B87F-940631AD73AD}
		{6AF5685F-9C59-497B-905B-54AD8AC60DB8} = {7111C56E-6A33-420E-9C24-DCEA66DA109F}
		{DDEF3240-0BF1-4983-951E-2033444C5F9B} = {6AF5685F-9C59-497B-905B-54AD8AC60DB8}
		{ECC00844-DF8C-4DA5-96D2-6DAF17180A49} = {F85EF7D3-7AD0-4F51-8F55-A0B8BA8B459C}
		{17D18BB1-AA46-4FBF-9CE9-1F0112BB77F3} = {ECC00844-DF8C-4DA5-96D2-6DAF17180A49}
		{066590DC-B95F-471E-95E4-53B659C9DAAF} = {ECC00844-DF8C-4DA5-96D2-6DAF17180A49}
		{FBCB203E-AEDF-4B12-9BB1-69FF0735F6D8} = {ECC00844-DF8C-4DA5-96D2-6DAF17180A49}
		{BFAB640E-AA72-4938-A866-AF1B05249D21} = {ECC00844-DF8C-4DA5-96D2-6DAF17180A49}
		{A15CFDD3-375D-43B6-897F-8853D5BEC9C1} = {3D0A7451-FA94-4867-B85A-6D885DD67AAE}
		{255B18F7-3853-41EF-B073-07285B10088F} = {A15CFDD3-375D-43B6-897F-8853D5BEC9C1}
		{1E068F64-1396-4C60-98BC-B3E255590C91} = {2BD47C96-4E55-4850-89D2-DB22F6146B1E}
		{5F132E78-DC40-45CE-9F63-D4573BC4B618} = {1E068F64-1396-4C60-98BC-B3E255590C91}
		{0C4D7CBC-D3B5-482E-97D9-987787AC6729} = {2BD47C96-4E55-4850-89D2-DB22F6146B1E}
		{61D269F4-8FF4-4FAB-B85A-CBAE8604D739} = {0C4D7CBC-D3B5-482E-97D9-987787AC6729}
		{55D6E5A3-BF48-43E5-A7F4-4EB18FB2CB23} = {2BD47C96-4E55-4850-89D2-DB22F6146B1E}
		{19374D72-EB44-410B-9E99-3EA2757579C8} = {55D6E5A3-BF48-43E5-A7F4-4EB18FB2CB23}
		{436D58E0-C82F-451D-B21A-CC3B6258EC88} = {2BD47C96-4E55-4850-89D2-DB22F6146B1E}
		{1EFFB0BA-62BD-40D5-B6FE-AAA47D077A4E} = {436D58E0-C82F-451D-B21A-CC3B6258EC88}
		{E48C81EB-85F3-4D88-9D8C-027E54A3C744} = {2BD47C96-4E55-4850-89D2-DB22F6146B1E}
		{208F2835-DFFE-4911-AEC7-9CF834096306} = {E48C81EB-85F3-4D88-9D8C-027E54A3C744}
		{52C0AD5C-7B9E-4044-9ECB-96F9CC638C18} = {E48C81EB-85F3-4D88-9D8C-027E54A3C744}
		{2E1EF7AB-0080-4353-BBC6-7F4410FEC03A} = {E48C81EB-85F3-4D88-9D8C-027E54A3C744}
		{A3E5FFD4-1CD6-47D7-AAE8-97056513FFFB} = {E48C81EB-85F3-4D88-9D8C-027E54A3C744}
		{1A7254EE-D0DE-4ED6-BFBD-FD94672C2585} = {2BD47C96-4E55-4850-89D2-DB22F6146B1E}
		{BF2DE2F3-EE2A-43A7-B9DC-5AA4793C3793} = {1A7254EE-D0DE-4ED6-BFBD-FD94672C2585}
		{26DB04D3-2481-4BA3-B25F-541173249BDF} = {15EF12EF-F58E-48F0-9569-467BF63DC61F}
		{5DE071ED-1704-430A-A56E-F7D1BB1529BA} = {26DB04D3-2481-4BA3-B25F-541173249BDF}
	EndGlobalSection
	GlobalSection(ExtensibilityGlobals) = postSolution
		SolutionGuid = {560EC443-C067-455F-89B0-46B971F3DFC5}
	EndGlobalSection
EndGlobal
